
Microsoft Visual Studio Solution File, Format Version 12.00
# Visual Studio Version 16
VisualStudioVersion = 16.0.30517.126
MinimumVisualStudioVersion = 10.0.40219.1
Project("{9A19103F-16F7-4668-BE54-9A1E7A4F7556}") = "deneme_mvccore", "deneme_mvccore\deneme_mvccore.csproj", "{B5724900-DFE2-470A-A034-CABC4AAA6633}"
EndProject
Project("{FAE04EC0-301F-11D3-BF4B-00C04F79EFBC}") = "AspNetCoreWithAngular", "AspNetCoreWithAngular\AspNetCoreWithAngular.csproj", "{90D01F5F-FBED-4A43-9F11-6A03F475139D}"
EndProject
Global
	GlobalSection(SolutionConfigurationPlatforms) = preSolution
		Debug|Any CPU = Debug|Any CPU
		Release|Any CPU = Release|Any CPU
	EndGlobalSection
	GlobalSection(ProjectConfigurationPlatforms) = postSolution
		{B5724900-DFE2-470A-A034-CABC4AAA6633}.Debug|Any CPU.ActiveCfg = Debug|Any CPU
		{B5724900-DFE2-470A-A034-CABC4AAA6633}.Debug|Any CPU.Build.0 = Debug|Any CPU
		{B5724900-DFE2-470A-A034-CABC4AAA6633}.Release|Any CPU.ActiveCfg = Release|Any CPU
		{B5724900-DFE2-470A-A034-CABC4AAA6633}.Release|Any CPU.Build.0 = Release|Any CPU
		{90D01F5F-FBED-4A43-9F11-6A03F475139D}.Debug|Any CPU.ActiveCfg = Debug|Any CPU
		{90D01F5F-FBED-4A43-9F11-6A03F475139D}.Debug|Any CPU.Build.0 = Debug|Any CPU
		{90D01F5F-FBED-4A43-9F11-6A03F475139D}.Release|Any CPU.ActiveCfg = Release|Any CPU
		{90D01F5F-FBED-4A43-9F11-6A03F475139D}.Release|Any CPU.Build.0 = Release|Any CPU
	EndGlobalSection
	GlobalSection(SolutionProperties) = preSolution
		HideSolutionNode = FALSE
	EndGlobalSection
	GlobalSection(ExtensibilityGlobals) = postSolution
		SolutionGuid = {3D9F568C-813F-478D-845F-407C51A37B72}
	EndGlobalSection
EndGlobal
